// !$*UTF8*$!
{
	archiveVersion = 1;
	classes = {
	};
	objectVersion = 46;
	objects = {
/* Begin PBXBuildFile section */
		0207DA581B56EA530066E2B4 /* Images.xcassets in Resources */ = {isa = PBXBuildFile; fileRef = 0207DA571B56EA530066E2B4 /* Images.xcassets */; };
		1D3623260D0F684500981E51 /* AppDelegate.m in Sources */ = {isa = PBXBuildFile; fileRef = 1D3623250D0F684500981E51 /* AppDelegate.m */; };
		1D60589B0D05DD56006BFB54 /* main.m in Sources */ = {isa = PBXBuildFile; fileRef = 29B97316FDCFA39411CA2CEA /* main.m */; };
		301BF552109A68D80062928A /* libCordova.a in Frameworks */ = {isa = PBXBuildFile; fileRef = 301BF535109A57CC0062928A /* libCordova.a */; };
		302D95F114D2391D003F00A1 /* MainViewController.m in Sources */ = {isa = PBXBuildFile; fileRef = 302D95EF14D2391D003F00A1 /* MainViewController.m */; };
		302D95F214D2391D003F00A1 /* MainViewController.xib in Resources */ = {isa = PBXBuildFile; fileRef = 302D95F014D2391D003F00A1 /* MainViewController.xib */; };
		3047A5121AB8059700498E2A /* build-debug.xcconfig in Resources */ = {isa = PBXBuildFile; fileRef = 3047A50F1AB8059700498E2A /* build-debug.xcconfig */; };
		3047A5131AB8059700498E2A /* build-release.xcconfig in Resources */ = {isa = PBXBuildFile; fileRef = 3047A5101AB8059700498E2A /* build-release.xcconfig */; };
		3047A5141AB8059700498E2A /* build.xcconfig in Resources */ = {isa = PBXBuildFile; fileRef = 3047A5111AB8059700498E2A /* build.xcconfig */; };
		6AFF5BF91D6E424B00AB3073 /* CDVLaunchScreen.storyboard in Resources */ = {isa = PBXBuildFile; fileRef = 6AFF5BF81D6E424B00AB3073 /* CDVLaunchScreen.storyboard */; };
		4F0AE6F008904426887BC394 /* UIImage+CropScaleOrientation.m in Sources */ = {isa = PBXBuildFile; fileRef = C9D715BDA55D4C28AE5EEC71 /* UIImage+CropScaleOrientation.m */; };
		427A84B331A24D70ABCCD560 /* CDVCamera.m in Sources */ = {isa = PBXBuildFile; fileRef = 21B8BA2CC18F4BA8B206B819 /* CDVCamera.m */; };
		8CCBCA3961F5417B8C4973B8 /* CDVJpegHeaderWriter.m in Sources */ = {isa = PBXBuildFile; fileRef = 4233982C909141F280B38622 /* CDVJpegHeaderWriter.m */; };
		4FAB8587B257441FB3C2FF4B /* ImageIO.framework in Frameworks */ = {isa = PBXBuildFile; fileRef = 1AFA004CE8DD478D860F9F1D /* ImageIO.framework */; settings = {ATTRIBUTES = (Weak, ); }; };
		6EB96823658249DFA2FF46D8 /* CoreLocation.framework in Frameworks */ = {isa = PBXBuildFile; fileRef = 04C6E6CE51B14AE2924B871E /* CoreLocation.framework */; };
		A269E6E857DA4DBB8F179967 /* AVFoundation.framework in Frameworks */ = {isa = PBXBuildFile; fileRef = 700E15F174BF4C438DF142A2 /* AVFoundation.framework */; };
		C2601F8D30D346D885FF0075 /* CDVBattery.m in Sources */ = {isa = PBXBuildFile; fileRef = 24EC922C293F4BB4B2E8B36D /* CDVBattery.m */; };
		346C9DCDD595405B8EE89A0F /* CDVFile.m in Sources */ = {isa = PBXBuildFile; fileRef = F1184A6A2AB345BD928D42B2 /* CDVFile.m */; };
		A646A85080714E89A4E0F018 /* CDVLocalFilesystem.m in Sources */ = {isa = PBXBuildFile; fileRef = 556A8C874B0F432E83EE6247 /* CDVLocalFilesystem.m */; };
		B0E49321A8DF4F57AA3EE0F2 /* CDVAssetLibraryFilesystem.m in Sources */ = {isa = PBXBuildFile; fileRef = 1D32A42C30C24CA1AF976766 /* CDVAssetLibraryFilesystem.m */; };
		BED36F0E20A9490389237091 /* CDVCapture.m in Sources */ = {isa = PBXBuildFile; fileRef = 534F1DE221DE467395034FA1 /* CDVCapture.m */; };
		14148FB8E85B48D4ABA562A7 /* CDVCapture.bundle in Resources */ = {isa = PBXBuildFile; fileRef = 3BB53337885945D698A5F991 /* CDVCapture.bundle */; };
		26F4204BB57147FCBD90E017 /* CDVLogger.m in Sources */ = {isa = PBXBuildFile; fileRef = C80AE26D74384AA2A42FCD53 /* CDVLogger.m */; };
		45E882CCF738499C9293711A /* CDVContacts.m in Sources */ = {isa = PBXBuildFile; fileRef = DE58570ADA0F46B7A3CF4205 /* CDVContacts.m */; };
		D99C21B6A88644018D42D9CA /* CDVContact.m in Sources */ = {isa = PBXBuildFile; fileRef = 2068447A863E4B54A949A9DC /* CDVContact.m */; };
		8BE03CE6216E490C9305D013 /* AddressBook.framework in Frameworks */ = {isa = PBXBuildFile; fileRef = 3F5303FD7D964349BC3E2FF5 /* AddressBook.framework */; settings = {ATTRIBUTES = (Weak, ); }; };
		8D912B7C7D25460A99C06108 /* AddressBookUI.framework in Frameworks */ = {isa = PBXBuildFile; fileRef = 09BFC2C551AA4821B13B236F /* AddressBookUI.framework */; settings = {ATTRIBUTES = (Weak, ); }; };
		7CECC8DFEEE3452F8D23E0F6 /* CDVDevice.m in Sources */ = {isa = PBXBuildFile; fileRef = 8E559B6CF8D44433A7CABF1B /* CDVDevice.m */; };
		8D138487B54149AC99114509 /* libz.tbd in Frameworks */ = {isa = PBXBuildFile; fileRef = EA36DD292C8B44BAB660C10D /* libz.tbd */; };
		977AB2005B88483A81946EB7 /* CDVAccelerometer.m in Sources */ = {isa = PBXBuildFile; fileRef = 673076EF439D46BAA996FA9F /* CDVAccelerometer.m */; };
		337996FE3CC34DF186221898 /* CoreMotion.framework in Frameworks */ = {isa = PBXBuildFile; fileRef = 642A5FB8B4A046B19E164DC6 /* CoreMotion.framework */; };
		7CCDB7EEA8534EEDA4EB795D /* CDVCompass.m in Sources */ = {isa = PBXBuildFile; fileRef = 4724926D63BC428B9EB4CE4E /* CDVCompass.m */; };
		D31CAE181783445F86BF4618 /* CDVNotification.m in Sources */ = {isa = PBXBuildFile; fileRef = 9B8D067B86E1443985753E70 /* CDVNotification.m */; };
		5CA0F334E6564631915D2607 /* CDVNotification.bundle in Resources */ = {isa = PBXBuildFile; fileRef = E57791408357424DBB3893D3 /* CDVNotification.bundle */; };
		97FB5B8E853D4951ABEC3DD6 /* AudioToolbox.framework in Frameworks */ = {isa = PBXBuildFile; fileRef = F2CB836CF3E74C7BB8D2154C /* AudioToolbox.framework */; settings = {ATTRIBUTES = (Weak, ); }; };
		F79F1E310950421FBC12C3E2 /* CDVFileTransfer.m in Sources */ = {isa = PBXBuildFile; fileRef = C404C40C45AE46F3804757C1 /* CDVFileTransfer.m */; };
		D89C71B902C449F1963FD280 /* CDVLocation.m in Sources */ = {isa = PBXBuildFile; fileRef = 9E5C1FDE8FD348FAA6AAE6BA /* CDVLocation.m */; };
		B537B4C2770A4A30813297DE /* CDVGlobalization.m in Sources */ = {isa = PBXBuildFile; fileRef = C44C35D793394D5F9A60D474 /* CDVGlobalization.m */; };
		90D16B362FC441FABC5967E6 /* CDVInAppBrowser.m in Sources */ = {isa = PBXBuildFile; fileRef = 0BCCDCF788A3405EA9400386 /* CDVInAppBrowser.m */; };
		C626E78C80D24039AAB19B50 /* CDVSound.m in Sources */ = {isa = PBXBuildFile; fileRef = 3CCB8D1C84514C5398C8C71A /* CDVSound.m */; };
		155AABDEB9EF4DD5BCA0C8A5 /* CDVConnection.m in Sources */ = {isa = PBXBuildFile; fileRef = C14F8924E7DB4C569EF750B7 /* CDVConnection.m */; };
		3F3A785C86464370B9E06D62 /* CDVReachability.m in Sources */ = {isa = PBXBuildFile; fileRef = BF3229F39535465F8FFD0C5A /* CDVReachability.m */; };
		DA74A28F512749E29C9FBD28 /* SystemConfiguration.framework in Frameworks */ = {isa = PBXBuildFile; fileRef = 90EA793405074E26A5C714F3 /* SystemConfiguration.framework */; settings = {ATTRIBUTES = (Weak, ); }; };
		9724DE40C782455881B70A44 /* CoreTelephony.framework in Frameworks */ = {isa = PBXBuildFile; fileRef = 86BD6D32DA7C408F9BEC6502 /* CoreTelephony.framework */; };
		512848F694554D778B7D8733 /* CDVSplashScreen.m in Sources */ = {isa = PBXBuildFile; fileRef = EA6369395057462E8D84B463 /* CDVSplashScreen.m */; };
		73AF83A4976440A3A85895A3 /* CDVViewController+SplashScreen.m in Sources */ = {isa = PBXBuildFile; fileRef = E2EF7CFEFE7B4CC7B523B0F0 /* CDVViewController+SplashScreen.m */; };
		AF0880075F8A4AB28305997C /* CDVStatusBar.m in Sources */ = {isa = PBXBuildFile; fileRef = 85477AFB1BBC4129820D5FDB /* CDVStatusBar.m */; };
		091A3D7B84AF42DCBE11AA67 /* CDVVibration.m in Sources */ = {isa = PBXBuildFile; fileRef = FD0656FB61DF4FDCB509FC50 /* CDVVibration.m */; };
/* End PBXBuildFile section */

/* Begin PBXContainerItemProxy section */
		301BF534109A57CC0062928A /* PBXContainerItemProxy */ = {
			isa = PBXContainerItemProxy;
			containerPortal = 301BF52D109A57CC0062928A /* CordovaLib.xcodeproj */;
			proxyType = 2;
			remoteGlobalIDString = D2AAC07E0554694100DB518D;
			remoteInfo = CordovaLib;
		};
		301BF550109A68C00062928A /* PBXContainerItemProxy */ = {
			isa = PBXContainerItemProxy;
			containerPortal = 301BF52D109A57CC0062928A /* CordovaLib.xcodeproj */;
			proxyType = 1;
			remoteGlobalIDString = D2AAC07D0554694100DB518D;
			remoteInfo = CordovaLib;
		};
/* End PBXContainerItemProxy section */

/* Begin PBXFileReference section */
		0207DA571B56EA530066E2B4 /* Images.xcassets */ = {isa = PBXFileReference; lastKnownFileType = folder.assetcatalog; name = Images.xcassets; path = "intolerance/Images.xcassets"; sourceTree = SOURCE_ROOT; };
		1D3623240D0F684500981E51 /* AppDelegate.h */ = {isa = PBXFileReference; fileEncoding = 4; lastKnownFileType = sourcecode.c.h; path = AppDelegate.h; sourceTree = "<group>"; };
		1D3623250D0F684500981E51 /* AppDelegate.m */ = {isa = PBXFileReference; fileEncoding = 4; lastKnownFileType = sourcecode.c.objc; path = AppDelegate.m; sourceTree = "<group>"; };
		1D6058910D05DD3D006BFB54 /* intolerance.app */ = {isa = PBXFileReference; explicitFileType = wrapper.application; includeInIndex = 0; path = "intolerance.app"; sourceTree = BUILT_PRODUCTS_DIR; };
		29B97316FDCFA39411CA2CEA /* main.m */ = {isa = PBXFileReference; fileEncoding = 4; lastKnownFileType = sourcecode.c.objc; path = main.m; sourceTree = "<group>"; };
		301BF52D109A57CC0062928A /* CordovaLib.xcodeproj */ = {isa = PBXFileReference; lastKnownFileType = "wrapper.pb-project"; name = CordovaLib.xcodeproj; path = CordovaLib/CordovaLib.xcodeproj; sourceTree = "<group>"; };
		301BF56E109A69640062928A /* www */ = {isa = PBXFileReference; lastKnownFileType = folder; path = www; sourceTree = SOURCE_ROOT; };
		302D95EE14D2391D003F00A1 /* MainViewController.h */ = {isa = PBXFileReference; fileEncoding = 4; lastKnownFileType = sourcecode.c.h; path = MainViewController.h; sourceTree = "<group>"; };
		302D95EF14D2391D003F00A1 /* MainViewController.m */ = {isa = PBXFileReference; fileEncoding = 4; lastKnownFileType = sourcecode.c.objc; path = MainViewController.m; sourceTree = "<group>"; };
		302D95F014D2391D003F00A1 /* MainViewController.xib */ = {isa = PBXFileReference; fileEncoding = 4; lastKnownFileType = file.xib; path = MainViewController.xib; sourceTree = "<group>"; };
		3047A50F1AB8059700498E2A /* build-debug.xcconfig */ = {isa = PBXFileReference; fileEncoding = 4; lastKnownFileType = text.xcconfig; name = "build-debug.xcconfig"; path = cordova/build-debug.xcconfig; sourceTree = SOURCE_ROOT; };
		3047A5101AB8059700498E2A /* build-release.xcconfig */ = {isa = PBXFileReference; fileEncoding = 4; lastKnownFileType = text.xcconfig; name = "build-release.xcconfig"; path = cordova/build-release.xcconfig; sourceTree = SOURCE_ROOT; };
		3047A5111AB8059700498E2A /* build.xcconfig */ = {isa = PBXFileReference; fileEncoding = 4; lastKnownFileType = text.xcconfig; name = build.xcconfig; path = cordova/build.xcconfig; sourceTree = SOURCE_ROOT; };
		32CA4F630368D1EE00C91783 /* intolerance-Prefix.pch */ = {isa = PBXFileReference; fileEncoding = 4; lastKnownFileType = sourcecode.c.h; path = "intolerance-Prefix.pch"; sourceTree = "<group>"; };
		6AFF5BF81D6E424B00AB3073 /* CDVLaunchScreen.storyboard */ = {isa = PBXFileReference; fileEncoding = 4; lastKnownFileType = file.storyboard; name = CDVLaunchScreen.storyboard; path = "intolerance/CDVLaunchScreen.storyboard"; sourceTree = SOURCE_ROOT; };
		8D1107310486CEB800E47090 /* intolerance-Info.plist */ = {isa = PBXFileReference; fileEncoding = 4; lastKnownFileType = text.plist.xml; name = "intolerance-Info.plist"; path = "intolerance/intolerance-Info.plist"; plistStructureDefinitionIdentifier = "com.apple.xcode.plist.structure-definition.iphone.info-plist"; sourceTree = SOURCE_ROOT; };
		EB87FDF31871DA8E0020F90C /* www */ = {isa = PBXFileReference; lastKnownFileType = folder; name = www; path = ../../www; sourceTree = "<group>"; };
		EB87FDF41871DAF40020F90C /* config.xml */ = {isa = PBXFileReference; lastKnownFileType = text.xml; name = config.xml; path = ../../config.xml; sourceTree = "<group>"; };
		F840E1F0165FE0F500CFE078 /* config.xml */ = {isa = PBXFileReference; lastKnownFileType = text.xml; name = config.xml; path = "intolerance/config.xml"; sourceTree = "<group>"; };
		ED33DF2A687741AEAF9F8254 /* Bridging-Header.h */ = {isa = PBXFileReference; fileEncoding = 4; lastKnownFileType = sourcecode.c.h; name = "Bridging-Header.h"; path = "Bridging-Header.h"; sourceTree = "<group>"; };
		C9D715BDA55D4C28AE5EEC71 /* UIImage+CropScaleOrientation.m */ = {isa = PBXFileReference; name = "UIImage+CropScaleOrientation.m"; path = "cordova-plugin-camera/UIImage+CropScaleOrientation.m"; sourceTree = "<group>"; fileEncoding = 4; lastKnownFileType = sourcecode.c.objc; explicitFileType = undefined; includeInIndex = 0; };
		21B8BA2CC18F4BA8B206B819 /* CDVCamera.m */ = {isa = PBXFileReference; name = "CDVCamera.m"; path = "cordova-plugin-camera/CDVCamera.m"; sourceTree = "<group>"; fileEncoding = 4; lastKnownFileType = sourcecode.c.objc; explicitFileType = undefined; includeInIndex = 0; };
		4233982C909141F280B38622 /* CDVJpegHeaderWriter.m */ = {isa = PBXFileReference; name = "CDVJpegHeaderWriter.m"; path = "cordova-plugin-camera/CDVJpegHeaderWriter.m"; sourceTree = "<group>"; fileEncoding = 4; lastKnownFileType = sourcecode.c.objc; explicitFileType = undefined; includeInIndex = 0; };
		62F2DC56B3E9406CA0D45907 /* UIImage+CropScaleOrientation.h */ = {isa = PBXFileReference; name = "UIImage+CropScaleOrientation.h"; path = "cordova-plugin-camera/UIImage+CropScaleOrientation.h"; sourceTree = "<group>"; fileEncoding = 4; lastKnownFileType = sourcecode.c.h; explicitFileType = undefined; includeInIndex = 0; };
		E2B6C5DE0E2F4CACB8B8A0C1 /* CDVCamera.h */ = {isa = PBXFileReference; name = "CDVCamera.h"; path = "cordova-plugin-camera/CDVCamera.h"; sourceTree = "<group>"; fileEncoding = 4; lastKnownFileType = sourcecode.c.h; explicitFileType = undefined; includeInIndex = 0; };
		92995CE244504F2BAEE562C3 /* CDVJpegHeaderWriter.h */ = {isa = PBXFileReference; name = "CDVJpegHeaderWriter.h"; path = "cordova-plugin-camera/CDVJpegHeaderWriter.h"; sourceTree = "<group>"; fileEncoding = 4; lastKnownFileType = sourcecode.c.h; explicitFileType = undefined; includeInIndex = 0; };
		C886DF71E1594B64ABD6848A /* CDVExif.h */ = {isa = PBXFileReference; name = "CDVExif.h"; path = "cordova-plugin-camera/CDVExif.h"; sourceTree = "<group>"; fileEncoding = 4; lastKnownFileType = sourcecode.c.h; explicitFileType = undefined; includeInIndex = 0; };
		1AFA004CE8DD478D860F9F1D /* ImageIO.framework */ = {isa = PBXFileReference; name = "ImageIO.framework"; path = "System/Library/Frameworks/ImageIO.framework"; sourceTree = SDKROOT; fileEncoding = undefined; lastKnownFileType = wrapper.framework; explicitFileType = undefined; includeInIndex = 0; };
		04C6E6CE51B14AE2924B871E /* CoreLocation.framework */ = {isa = PBXFileReference; name = "CoreLocation.framework"; path = "System/Library/Frameworks/CoreLocation.framework"; sourceTree = SDKROOT; fileEncoding = undefined; lastKnownFileType = wrapper.framework; explicitFileType = undefined; includeInIndex = 0; };
		700E15F174BF4C438DF142A2 /* AVFoundation.framework */ = {isa = PBXFileReference; name = "AVFoundation.framework"; path = "System/Library/Frameworks/AVFoundation.framework"; sourceTree = SDKROOT; fileEncoding = undefined; lastKnownFileType = wrapper.framework; explicitFileType = undefined; includeInIndex = 0; };
		24EC922C293F4BB4B2E8B36D /* CDVBattery.m */ = {isa = PBXFileReference; name = "CDVBattery.m"; path = "cordova-plugin-battery-status/CDVBattery.m"; sourceTree = "<group>"; fileEncoding = 4; lastKnownFileType = sourcecode.c.objc; explicitFileType = undefined; includeInIndex = 0; };
		B16B17A0253E4A13B61BBA4D /* CDVBattery.h */ = {isa = PBXFileReference; name = "CDVBattery.h"; path = "cordova-plugin-battery-status/CDVBattery.h"; sourceTree = "<group>"; fileEncoding = 4; lastKnownFileType = sourcecode.c.h; explicitFileType = undefined; includeInIndex = 0; };
		F1184A6A2AB345BD928D42B2 /* CDVFile.m */ = {isa = PBXFileReference; name = "CDVFile.m"; path = "cordova-plugin-file/CDVFile.m"; sourceTree = "<group>"; fileEncoding = 4; lastKnownFileType = sourcecode.c.objc; explicitFileType = undefined; includeInIndex = 0; };
		556A8C874B0F432E83EE6247 /* CDVLocalFilesystem.m */ = {isa = PBXFileReference; name = "CDVLocalFilesystem.m"; path = "cordova-plugin-file/CDVLocalFilesystem.m"; sourceTree = "<group>"; fileEncoding = 4; lastKnownFileType = sourcecode.c.objc; explicitFileType = undefined; includeInIndex = 0; };
		1D32A42C30C24CA1AF976766 /* CDVAssetLibraryFilesystem.m */ = {isa = PBXFileReference; name = "CDVAssetLibraryFilesystem.m"; path = "cordova-plugin-file/CDVAssetLibraryFilesystem.m"; sourceTree = "<group>"; fileEncoding = 4; lastKnownFileType = sourcecode.c.objc; explicitFileType = undefined; includeInIndex = 0; };
		0F8A15B224D342FEB5FBDAE6 /* CDVFile.h */ = {isa = PBXFileReference; name = "CDVFile.h"; path = "cordova-plugin-file/CDVFile.h"; sourceTree = "<group>"; fileEncoding = 4; lastKnownFileType = sourcecode.c.h; explicitFileType = undefined; includeInIndex = 0; };
		202D690F686D40B6AA378EAD /* CDVLocalFilesystem.h */ = {isa = PBXFileReference; name = "CDVLocalFilesystem.h"; path = "cordova-plugin-file/CDVLocalFilesystem.h"; sourceTree = "<group>"; fileEncoding = 4; lastKnownFileType = sourcecode.c.h; explicitFileType = undefined; includeInIndex = 0; };
		CA5C2BCD85514E87823A6B0A /* CDVAssetLibraryFilesystem.h */ = {isa = PBXFileReference; name = "CDVAssetLibraryFilesystem.h"; path = "cordova-plugin-file/CDVAssetLibraryFilesystem.h"; sourceTree = "<group>"; fileEncoding = 4; lastKnownFileType = sourcecode.c.h; explicitFileType = undefined; includeInIndex = 0; };
		534F1DE221DE467395034FA1 /* CDVCapture.m */ = {isa = PBXFileReference; name = "CDVCapture.m"; path = "cordova-plugin-media-capture/CDVCapture.m"; sourceTree = "<group>"; fileEncoding = 4; lastKnownFileType = sourcecode.c.objc; explicitFileType = undefined; includeInIndex = 0; };
		F241F1CFF55645C8A512870E /* CDVCapture.h */ = {isa = PBXFileReference; name = "CDVCapture.h"; path = "cordova-plugin-media-capture/CDVCapture.h"; sourceTree = "<group>"; fileEncoding = 4; lastKnownFileType = sourcecode.c.h; explicitFileType = undefined; includeInIndex = 0; };
		3BB53337885945D698A5F991 /* CDVCapture.bundle */ = {isa = PBXFileReference; name = "CDVCapture.bundle"; path = "CDVCapture.bundle"; sourceTree = "<group>"; fileEncoding = undefined; lastKnownFileType = wrapper.plug-in; explicitFileType = undefined; includeInIndex = 0; };
		C80AE26D74384AA2A42FCD53 /* CDVLogger.m */ = {isa = PBXFileReference; name = "CDVLogger.m"; path = "cordova-plugin-console/CDVLogger.m"; sourceTree = "<group>"; fileEncoding = 4; lastKnownFileType = sourcecode.c.objc; explicitFileType = undefined; includeInIndex = 0; };
		ECFE9B19514A44E1B684F0D7 /* CDVLogger.h */ = {isa = PBXFileReference; name = "CDVLogger.h"; path = "cordova-plugin-console/CDVLogger.h"; sourceTree = "<group>"; fileEncoding = 4; lastKnownFileType = sourcecode.c.h; explicitFileType = undefined; includeInIndex = 0; };
		DE58570ADA0F46B7A3CF4205 /* CDVContacts.m */ = {isa = PBXFileReference; name = "CDVContacts.m"; path = "cordova-plugin-contacts/CDVContacts.m"; sourceTree = "<group>"; fileEncoding = 4; lastKnownFileType = sourcecode.c.objc; explicitFileType = undefined; includeInIndex = 0; };
		2068447A863E4B54A949A9DC /* CDVContact.m */ = {isa = PBXFileReference; name = "CDVContact.m"; path = "cordova-plugin-contacts/CDVContact.m"; sourceTree = "<group>"; fileEncoding = 4; lastKnownFileType = sourcecode.c.objc; explicitFileType = undefined; includeInIndex = 0; };
		7DD871938F7F4D6A9A89F68F /* CDVContacts.h */ = {isa = PBXFileReference; name = "CDVContacts.h"; path = "cordova-plugin-contacts/CDVContacts.h"; sourceTree = "<group>"; fileEncoding = 4; lastKnownFileType = sourcecode.c.h; explicitFileType = undefined; includeInIndex = 0; };
		448097A6C7BD4DAF8E2E4D85 /* CDVContact.h */ = {isa = PBXFileReference; name = "CDVContact.h"; path = "cordova-plugin-contacts/CDVContact.h"; sourceTree = "<group>"; fileEncoding = 4; lastKnownFileType = sourcecode.c.h; explicitFileType = undefined; includeInIndex = 0; };
		3F5303FD7D964349BC3E2FF5 /* AddressBook.framework */ = {isa = PBXFileReference; name = "AddressBook.framework"; path = "System/Library/Frameworks/AddressBook.framework"; sourceTree = SDKROOT; fileEncoding = undefined; lastKnownFileType = wrapper.framework; explicitFileType = undefined; includeInIndex = 0; };
		09BFC2C551AA4821B13B236F /* AddressBookUI.framework */ = {isa = PBXFileReference; name = "AddressBookUI.framework"; path = "System/Library/Frameworks/AddressBookUI.framework"; sourceTree = SDKROOT; fileEncoding = undefined; lastKnownFileType = wrapper.framework; explicitFileType = undefined; includeInIndex = 0; };
		8E559B6CF8D44433A7CABF1B /* CDVDevice.m */ = {isa = PBXFileReference; name = "CDVDevice.m"; path = "cordova-plugin-device/CDVDevice.m"; sourceTree = "<group>"; fileEncoding = 4; lastKnownFileType = sourcecode.c.objc; explicitFileType = undefined; includeInIndex = 0; };
		EE1A5F5EC55D4E79B69D77F5 /* CDVDevice.h */ = {isa = PBXFileReference; name = "CDVDevice.h"; path = "cordova-plugin-device/CDVDevice.h"; sourceTree = "<group>"; fileEncoding = 4; lastKnownFileType = sourcecode.c.h; explicitFileType = undefined; includeInIndex = 0; };
		EA36DD292C8B44BAB660C10D /* libz.tbd */ = {isa = PBXFileReference; name = "libz.tbd"; path = "usr/lib/libz.tbd"; sourceTree = SDKROOT; fileEncoding = undefined; lastKnownFileType = sourcecode.text-based-dylib-definition; explicitFileType = undefined; includeInIndex = 0; };
		673076EF439D46BAA996FA9F /* CDVAccelerometer.m */ = {isa = PBXFileReference; name = "CDVAccelerometer.m"; path = "cordova-plugin-device-motion/CDVAccelerometer.m"; sourceTree = "<group>"; fileEncoding = 4; lastKnownFileType = sourcecode.c.objc; explicitFileType = undefined; includeInIndex = 0; };
		23D19C04F3A7473391E2043E /* CDVAccelerometer.h */ = {isa = PBXFileReference; name = "CDVAccelerometer.h"; path = "cordova-plugin-device-motion/CDVAccelerometer.h"; sourceTree = "<group>"; fileEncoding = 4; lastKnownFileType = sourcecode.c.h; explicitFileType = undefined; includeInIndex = 0; };
		642A5FB8B4A046B19E164DC6 /* CoreMotion.framework */ = {isa = PBXFileReference; name = "CoreMotion.framework"; path = "System/Library/Frameworks/CoreMotion.framework"; sourceTree = SDKROOT; fileEncoding = undefined; lastKnownFileType = wrapper.framework; explicitFileType = undefined; includeInIndex = 0; };
		4724926D63BC428B9EB4CE4E /* CDVCompass.m */ = {isa = PBXFileReference; name = "CDVCompass.m"; path = "cordova-plugin-device-orientation/CDVCompass.m"; sourceTree = "<group>"; fileEncoding = 4; lastKnownFileType = sourcecode.c.objc; explicitFileType = undefined; includeInIndex = 0; };
		1A8C2BE27FCC4403A7EA9639 /* CDVCompass.h */ = {isa = PBXFileReference; name = "CDVCompass.h"; path = "cordova-plugin-device-orientation/CDVCompass.h"; sourceTree = "<group>"; fileEncoding = 4; lastKnownFileType = sourcecode.c.h; explicitFileType = undefined; includeInIndex = 0; };
		9B8D067B86E1443985753E70 /* CDVNotification.m */ = {isa = PBXFileReference; name = "CDVNotification.m"; path = "cordova-plugin-dialogs/CDVNotification.m"; sourceTree = "<group>"; fileEncoding = 4; lastKnownFileType = sourcecode.c.objc; explicitFileType = undefined; includeInIndex = 0; };
		59B1F025A3FE4C27982FCDC6 /* CDVNotification.h */ = {isa = PBXFileReference; name = "CDVNotification.h"; path = "cordova-plugin-dialogs/CDVNotification.h"; sourceTree = "<group>"; fileEncoding = 4; lastKnownFileType = sourcecode.c.h; explicitFileType = undefined; includeInIndex = 0; };
		E57791408357424DBB3893D3 /* CDVNotification.bundle */ = {isa = PBXFileReference; name = "CDVNotification.bundle"; path = "CDVNotification.bundle"; sourceTree = "<group>"; fileEncoding = undefined; lastKnownFileType = wrapper.plug-in; explicitFileType = undefined; includeInIndex = 0; };
		F2CB836CF3E74C7BB8D2154C /* AudioToolbox.framework */ = {isa = PBXFileReference; name = "AudioToolbox.framework"; path = "System/Library/Frameworks/AudioToolbox.framework"; sourceTree = SDKROOT; fileEncoding = undefined; lastKnownFileType = wrapper.framework; explicitFileType = undefined; includeInIndex = 0; };
		C404C40C45AE46F3804757C1 /* CDVFileTransfer.m */ = {isa = PBXFileReference; name = "CDVFileTransfer.m"; path = "cordova-plugin-file-transfer/CDVFileTransfer.m"; sourceTree = "<group>"; fileEncoding = 4; lastKnownFileType = sourcecode.c.objc; explicitFileType = undefined; includeInIndex = 0; };
		B58A938F06C8406F92134CB4 /* CDVFileTransfer.h */ = {isa = PBXFileReference; name = "CDVFileTransfer.h"; path = "cordova-plugin-file-transfer/CDVFileTransfer.h"; sourceTree = "<group>"; fileEncoding = 4; lastKnownFileType = sourcecode.c.h; explicitFileType = undefined; includeInIndex = 0; };
		9E5C1FDE8FD348FAA6AAE6BA /* CDVLocation.m */ = {isa = PBXFileReference; name = "CDVLocation.m"; path = "cordova-plugin-geolocation/CDVLocation.m"; sourceTree = "<group>"; fileEncoding = 4; lastKnownFileType = sourcecode.c.objc; explicitFileType = undefined; includeInIndex = 0; };
		EACAA72DC23A449384F75A46 /* CDVLocation.h */ = {isa = PBXFileReference; name = "CDVLocation.h"; path = "cordova-plugin-geolocation/CDVLocation.h"; sourceTree = "<group>"; fileEncoding = 4; lastKnownFileType = sourcecode.c.h; explicitFileType = undefined; includeInIndex = 0; };
		C44C35D793394D5F9A60D474 /* CDVGlobalization.m */ = {isa = PBXFileReference; name = "CDVGlobalization.m"; path = "cordova-plugin-globalization/CDVGlobalization.m"; sourceTree = "<group>"; fileEncoding = 4; lastKnownFileType = sourcecode.c.objc; explicitFileType = undefined; includeInIndex = 0; };
		F6ECF879B73A4BFA88F08EFC /* CDVGlobalization.h */ = {isa = PBXFileReference; name = "CDVGlobalization.h"; path = "cordova-plugin-globalization/CDVGlobalization.h"; sourceTree = "<group>"; fileEncoding = 4; lastKnownFileType = sourcecode.c.h; explicitFileType = undefined; includeInIndex = 0; };
		0BCCDCF788A3405EA9400386 /* CDVInAppBrowser.m */ = {isa = PBXFileReference; name = "CDVInAppBrowser.m"; path = "cordova-plugin-inappbrowser/CDVInAppBrowser.m"; sourceTree = "<group>"; fileEncoding = 4; lastKnownFileType = sourcecode.c.objc; explicitFileType = undefined; includeInIndex = 0; };
		4114BF74CA2441C596795579 /* CDVInAppBrowser.h */ = {isa = PBXFileReference; name = "CDVInAppBrowser.h"; path = "cordova-plugin-inappbrowser/CDVInAppBrowser.h"; sourceTree = "<group>"; fileEncoding = 4; lastKnownFileType = sourcecode.c.h; explicitFileType = undefined; includeInIndex = 0; };
		3CCB8D1C84514C5398C8C71A /* CDVSound.m */ = {isa = PBXFileReference; name = "CDVSound.m"; path = "cordova-plugin-media/CDVSound.m"; sourceTree = "<group>"; fileEncoding = 4; lastKnownFileType = sourcecode.c.objc; explicitFileType = undefined; includeInIndex = 0; };
		5896B23CA6594940B0DB472D /* CDVSound.h */ = {isa = PBXFileReference; name = "CDVSound.h"; path = "cordova-plugin-media/CDVSound.h"; sourceTree = "<group>"; fileEncoding = 4; lastKnownFileType = sourcecode.c.h; explicitFileType = undefined; includeInIndex = 0; };
		C14F8924E7DB4C569EF750B7 /* CDVConnection.m */ = {isa = PBXFileReference; name = "CDVConnection.m"; path = "cordova-plugin-network-information/CDVConnection.m"; sourceTree = "<group>"; fileEncoding = 4; lastKnownFileType = sourcecode.c.objc; explicitFileType = undefined; includeInIndex = 0; };
		BF3229F39535465F8FFD0C5A /* CDVReachability.m */ = {isa = PBXFileReference; name = "CDVReachability.m"; path = "cordova-plugin-network-information/CDVReachability.m"; sourceTree = "<group>"; fileEncoding = 4; lastKnownFileType = sourcecode.c.objc; explicitFileType = undefined; includeInIndex = 0; };
		CB36EB8A2D1A42E2A9E77CBC /* CDVConnection.h */ = {isa = PBXFileReference; name = "CDVConnection.h"; path = "cordova-plugin-network-information/CDVConnection.h"; sourceTree = "<group>"; fileEncoding = 4; lastKnownFileType = sourcecode.c.h; explicitFileType = undefined; includeInIndex = 0; };
		F5B557C9184349DCA90B3F27 /* CDVReachability.h */ = {isa = PBXFileReference; name = "CDVReachability.h"; path = "cordova-plugin-network-information/CDVReachability.h"; sourceTree = "<group>"; fileEncoding = 4; lastKnownFileType = sourcecode.c.h; explicitFileType = undefined; includeInIndex = 0; };
		90EA793405074E26A5C714F3 /* SystemConfiguration.framework */ = {isa = PBXFileReference; name = "SystemConfiguration.framework"; path = "System/Library/Frameworks/SystemConfiguration.framework"; sourceTree = SDKROOT; fileEncoding = undefined; lastKnownFileType = wrapper.framework; explicitFileType = undefined; includeInIndex = 0; };
		86BD6D32DA7C408F9BEC6502 /* CoreTelephony.framework */ = {isa = PBXFileReference; name = "CoreTelephony.framework"; path = "System/Library/Frameworks/CoreTelephony.framework"; sourceTree = SDKROOT; fileEncoding = undefined; lastKnownFileType = wrapper.framework; explicitFileType = undefined; includeInIndex = 0; };
		EA6369395057462E8D84B463 /* CDVSplashScreen.m */ = {isa = PBXFileReference; name = "CDVSplashScreen.m"; path = "cordova-plugin-splashscreen/CDVSplashScreen.m"; sourceTree = "<group>"; fileEncoding = 4; lastKnownFileType = sourcecode.c.objc; explicitFileType = undefined; includeInIndex = 0; };
		E2EF7CFEFE7B4CC7B523B0F0 /* CDVViewController+SplashScreen.m */ = {isa = PBXFileReference; name = "CDVViewController+SplashScreen.m"; path = "cordova-plugin-splashscreen/CDVViewController+SplashScreen.m"; sourceTree = "<group>"; fileEncoding = 4; lastKnownFileType = sourcecode.c.objc; explicitFileType = undefined; includeInIndex = 0; };
		8DA1EB8CA83341D18854F3EF /* CDVSplashScreen.h */ = {isa = PBXFileReference; name = "CDVSplashScreen.h"; path = "cordova-plugin-splashscreen/CDVSplashScreen.h"; sourceTree = "<group>"; fileEncoding = 4; lastKnownFileType = sourcecode.c.h; explicitFileType = undefined; includeInIndex = 0; };
		1F211F163B7E4C84A755F8BE /* CDVViewController+SplashScreen.h */ = {isa = PBXFileReference; name = "CDVViewController+SplashScreen.h"; path = "cordova-plugin-splashscreen/CDVViewController+SplashScreen.h"; sourceTree = "<group>"; fileEncoding = 4; lastKnownFileType = sourcecode.c.h; explicitFileType = undefined; includeInIndex = 0; };
		85477AFB1BBC4129820D5FDB /* CDVStatusBar.m */ = {isa = PBXFileReference; name = "CDVStatusBar.m"; path = "cordova-plugin-statusbar/CDVStatusBar.m"; sourceTree = "<group>"; fileEncoding = 4; lastKnownFileType = sourcecode.c.objc; explicitFileType = undefined; includeInIndex = 0; };
		13954159C6A84D818FB7FDB0 /* CDVStatusBar.h */ = {isa = PBXFileReference; name = "CDVStatusBar.h"; path = "cordova-plugin-statusbar/CDVStatusBar.h"; sourceTree = "<group>"; fileEncoding = 4; lastKnownFileType = sourcecode.c.h; explicitFileType = undefined; includeInIndex = 0; };
		FD0656FB61DF4FDCB509FC50 /* CDVVibration.m */ = {isa = PBXFileReference; name = "CDVVibration.m"; path = "cordova-plugin-vibration/CDVVibration.m"; sourceTree = "<group>"; fileEncoding = 4; lastKnownFileType = sourcecode.c.objc; explicitFileType = undefined; includeInIndex = 0; };
		83A901070DD145EDBEBEA97B /* CDVVibration.h */ = {isa = PBXFileReference; name = "CDVVibration.h"; path = "cordova-plugin-vibration/CDVVibration.h"; sourceTree = "<group>"; fileEncoding = 4; lastKnownFileType = sourcecode.c.h; explicitFileType = undefined; includeInIndex = 0; };
/* End PBXFileReference section */

/* Begin PBXFrameworksBuildPhase section */
		1D60588F0D05DD3D006BFB54 /* Frameworks */ = {
			isa = PBXFrameworksBuildPhase;
			buildActionMask = 2147483647;
			files = (
				301BF552109A68D80062928A /* libCordova.a in Frameworks */,
				4FAB8587B257441FB3C2FF4B /* ImageIO.framework in Frameworks */,
				6EB96823658249DFA2FF46D8 /* CoreLocation.framework in Frameworks */,
				A269E6E857DA4DBB8F179967 /* AVFoundation.framework in Frameworks */,
				8BE03CE6216E490C9305D013 /* AddressBook.framework in Frameworks */,
				8D912B7C7D25460A99C06108 /* AddressBookUI.framework in Frameworks */,
				8D138487B54149AC99114509 /* libz.tbd in Frameworks */,
				337996FE3CC34DF186221898 /* CoreMotion.framework in Frameworks */,
				97FB5B8E853D4951ABEC3DD6 /* AudioToolbox.framework in Frameworks */,
				DA74A28F512749E29C9FBD28 /* SystemConfiguration.framework in Frameworks */,
				9724DE40C782455881B70A44 /* CoreTelephony.framework in Frameworks */,
			);
			runOnlyForDeploymentPostprocessing = 0;
		};
/* End PBXFrameworksBuildPhase section */

/* Begin PBXGroup section */
		080E96DDFE201D6D7F000001 /* Classes */ = {
			isa = PBXGroup;
			children = (
				302D95EE14D2391D003F00A1 /* MainViewController.h */,
				302D95EF14D2391D003F00A1 /* MainViewController.m */,
				302D95F014D2391D003F00A1 /* MainViewController.xib */,
				1D3623240D0F684500981E51 /* AppDelegate.h */,
				1D3623250D0F684500981E51 /* AppDelegate.m */,
			);
			name = Classes;
			path = "intolerance/Classes";
			sourceTree = SOURCE_ROOT;
		};
		19C28FACFE9D520D11CA2CBB /* Products */ = {
			isa = PBXGroup;
			children = (
				1D6058910D05DD3D006BFB54 /* intolerance.app */,
			);
			name = Products;
			sourceTree = "<group>";
		};
		29B97314FDCFA39411CA2CEA /* CustomTemplate */ = {
			isa = PBXGroup;
			children = (
				EB87FDF41871DAF40020F90C /* config.xml */,
				EB87FDF31871DA8E0020F90C /* www */,
				EB87FDF11871DA420020F90C /* Staging */,
				301BF52D109A57CC0062928A /* CordovaLib.xcodeproj */,
				080E96DDFE201D6D7F000001 /* Classes */,
				307C750510C5A3420062BCA9 /* Plugins */,
				29B97315FDCFA39411CA2CEA /* Other Sources */,
				29B97317FDCFA39411CA2CEA /* Resources */,
				29B97323FDCFA39411CA2CEA /* Frameworks */,
				19C28FACFE9D520D11CA2CBB /* Products */,
			);
			name = CustomTemplate;
			sourceTree = "<group>";
		};
		29B97315FDCFA39411CA2CEA /* Other Sources */ = {
			isa = PBXGroup;
			children = (
				32CA4F630368D1EE00C91783 /* intolerance-Prefix.pch */,
				29B97316FDCFA39411CA2CEA /* main.m */,
				ED33DF2A687741AEAF9F8254 /* Bridging-Header.h */,
			);
			name = "Other Sources";
			path = "intolerance";
			sourceTree = "<group>";
		};
		29B97317FDCFA39411CA2CEA /* Resources */ = {
			isa = PBXGroup;
			children = (
				0207DA571B56EA530066E2B4 /* Images.xcassets */,
				3047A50E1AB8057F00498E2A /* config */,
				8D1107310486CEB800E47090 /* intolerance-Info.plist */,
				6AFF5BF81D6E424B00AB3073 /* CDVLaunchScreen.storyboard */,
				3BB53337885945D698A5F991 /* CDVCapture.bundle */,
				E57791408357424DBB3893D3 /* CDVNotification.bundle */,
			);
			name = Resources;
			path = "intolerance/Resources";
			sourceTree = "<group>";
		};
		29B97323FDCFA39411CA2CEA /* Frameworks */ = {
			isa = PBXGroup;
			children = (
				1AFA004CE8DD478D860F9F1D /* ImageIO.framework */,
				04C6E6CE51B14AE2924B871E /* CoreLocation.framework */,
				700E15F174BF4C438DF142A2 /* AVFoundation.framework */,
				3F5303FD7D964349BC3E2FF5 /* AddressBook.framework */,
				09BFC2C551AA4821B13B236F /* AddressBookUI.framework */,
				EA36DD292C8B44BAB660C10D /* libz.tbd */,
				642A5FB8B4A046B19E164DC6 /* CoreMotion.framework */,
				F2CB836CF3E74C7BB8D2154C /* AudioToolbox.framework */,
				90EA793405074E26A5C714F3 /* SystemConfiguration.framework */,
				86BD6D32DA7C408F9BEC6502 /* CoreTelephony.framework */,
			);
			name = Frameworks;
			sourceTree = "<group>";
		};
		301BF52E109A57CC0062928A /* Products */ = {
			isa = PBXGroup;
			children = (
				301BF535109A57CC0062928A /* libCordova.a */,
			);
			name = Products;
			sourceTree = "<group>";
		};
		3047A50E1AB8057F00498E2A /* config */ = {
			isa = PBXGroup;
			children = (
				3047A50F1AB8059700498E2A /* build-debug.xcconfig */,
				3047A5101AB8059700498E2A /* build-release.xcconfig */,
				3047A5111AB8059700498E2A /* build.xcconfig */,
			);
			name = config;
			sourceTree = "<group>";
		};
		307C750510C5A3420062BCA9 /* Plugins */ = {
			isa = PBXGroup;
			children = (
				C9D715BDA55D4C28AE5EEC71 /* UIImage+CropScaleOrientation.m */,
				21B8BA2CC18F4BA8B206B819 /* CDVCamera.m */,
				4233982C909141F280B38622 /* CDVJpegHeaderWriter.m */,
				62F2DC56B3E9406CA0D45907 /* UIImage+CropScaleOrientation.h */,
				E2B6C5DE0E2F4CACB8B8A0C1 /* CDVCamera.h */,
				92995CE244504F2BAEE562C3 /* CDVJpegHeaderWriter.h */,
				C886DF71E1594B64ABD6848A /* CDVExif.h */,
				24EC922C293F4BB4B2E8B36D /* CDVBattery.m */,
				B16B17A0253E4A13B61BBA4D /* CDVBattery.h */,
				F1184A6A2AB345BD928D42B2 /* CDVFile.m */,
				556A8C874B0F432E83EE6247 /* CDVLocalFilesystem.m */,
				1D32A42C30C24CA1AF976766 /* CDVAssetLibraryFilesystem.m */,
				0F8A15B224D342FEB5FBDAE6 /* CDVFile.h */,
				202D690F686D40B6AA378EAD /* CDVLocalFilesystem.h */,
				CA5C2BCD85514E87823A6B0A /* CDVAssetLibraryFilesystem.h */,
				534F1DE221DE467395034FA1 /* CDVCapture.m */,
				F241F1CFF55645C8A512870E /* CDVCapture.h */,
				C80AE26D74384AA2A42FCD53 /* CDVLogger.m */,
				ECFE9B19514A44E1B684F0D7 /* CDVLogger.h */,
				DE58570ADA0F46B7A3CF4205 /* CDVContacts.m */,
				2068447A863E4B54A949A9DC /* CDVContact.m */,
				7DD871938F7F4D6A9A89F68F /* CDVContacts.h */,
				448097A6C7BD4DAF8E2E4D85 /* CDVContact.h */,
				8E559B6CF8D44433A7CABF1B /* CDVDevice.m */,
				EE1A5F5EC55D4E79B69D77F5 /* CDVDevice.h */,
				673076EF439D46BAA996FA9F /* CDVAccelerometer.m */,
				23D19C04F3A7473391E2043E /* CDVAccelerometer.h */,
				4724926D63BC428B9EB4CE4E /* CDVCompass.m */,
				1A8C2BE27FCC4403A7EA9639 /* CDVCompass.h */,
				9B8D067B86E1443985753E70 /* CDVNotification.m */,
				59B1F025A3FE4C27982FCDC6 /* CDVNotification.h */,
				C404C40C45AE46F3804757C1 /* CDVFileTransfer.m */,
				B58A938F06C8406F92134CB4 /* CDVFileTransfer.h */,
				9E5C1FDE8FD348FAA6AAE6BA /* CDVLocation.m */,
				EACAA72DC23A449384F75A46 /* CDVLocation.h */,
				C44C35D793394D5F9A60D474 /* CDVGlobalization.m */,
				F6ECF879B73A4BFA88F08EFC /* CDVGlobalization.h */,
				0BCCDCF788A3405EA9400386 /* CDVInAppBrowser.m */,
				4114BF74CA2441C596795579 /* CDVInAppBrowser.h */,
				3CCB8D1C84514C5398C8C71A /* CDVSound.m */,
				5896B23CA6594940B0DB472D /* CDVSound.h */,
				C14F8924E7DB4C569EF750B7 /* CDVConnection.m */,
				BF3229F39535465F8FFD0C5A /* CDVReachability.m */,
				CB36EB8A2D1A42E2A9E77CBC /* CDVConnection.h */,
				F5B557C9184349DCA90B3F27 /* CDVReachability.h */,
				EA6369395057462E8D84B463 /* CDVSplashScreen.m */,
				E2EF7CFEFE7B4CC7B523B0F0 /* CDVViewController+SplashScreen.m */,
				8DA1EB8CA83341D18854F3EF /* CDVSplashScreen.h */,
				1F211F163B7E4C84A755F8BE /* CDVViewController+SplashScreen.h */,
				85477AFB1BBC4129820D5FDB /* CDVStatusBar.m */,
				13954159C6A84D818FB7FDB0 /* CDVStatusBar.h */,
				FD0656FB61DF4FDCB509FC50 /* CDVVibration.m */,
				83A901070DD145EDBEBEA97B /* CDVVibration.h */,
			);
			name = Plugins;
			path = "intolerance/Plugins";
			sourceTree = SOURCE_ROOT;
		};
		EB87FDF11871DA420020F90C /* Staging */ = {
			isa = PBXGroup;
			children = (
				F840E1F0165FE0F500CFE078 /* config.xml */,
				301BF56E109A69640062928A /* www */,
			);
			name = Staging;
			sourceTree = "<group>";
		};
/* End PBXGroup section */

/* Begin PBXNativeTarget section */
		1D6058900D05DD3D006BFB54 /* intolerance */ = {
			isa = PBXNativeTarget;
			buildConfigurationList = 1D6058960D05DD3E006BFB54 /* Build configuration list for PBXNativeTarget "intolerance" */;
			buildPhases = (
				304B58A110DAC018002A0835 /* Copy www directory */,
				1D60588D0D05DD3D006BFB54 /* Resources */,
				1D60588E0D05DD3D006BFB54 /* Sources */,
				1D60588F0D05DD3D006BFB54 /* Frameworks */,
			);
			buildRules = (
			);
			dependencies = (
				301BF551109A68C00062928A /* PBXTargetDependency */,
			);
			name = "intolerance";
			productName = "intolerance";
			productReference = 1D6058910D05DD3D006BFB54 /* intolerance.app */;
			productType = "com.apple.product-type.application";
		};
/* End PBXNativeTarget section */

/* Begin PBXProject section */
		29B97313FDCFA39411CA2CEA /* Project object */ = {
			isa = PBXProject;
			attributes = {
				LastUpgradeCheck = 510;
			};
			buildConfigurationList = C01FCF4E08A954540054247B /* Build configuration list for PBXProject "__NON-CLI__" */;
			compatibilityVersion = "Xcode 3.2";
			developmentRegion = English;
			hasScannedForEncodings = 1;
			mainGroup = 29B97314FDCFA39411CA2CEA /* CustomTemplate */;
			projectDirPath = "";
			projectReferences = (
				{
					ProductGroup = 301BF52E109A57CC0062928A /* Products */;
					ProjectRef = 301BF52D109A57CC0062928A /* CordovaLib.xcodeproj */;
				},
			);
			projectRoot = "";
			targets = (
				1D6058900D05DD3D006BFB54 /* intolerance */,
			);
		};
/* End PBXProject section */

/* Begin PBXReferenceProxy section */
		301BF535109A57CC0062928A /* libCordova.a */ = {
			isa = PBXReferenceProxy;
			fileType = archive.ar;
			path = libCordova.a;
			remoteRef = 301BF534109A57CC0062928A /* PBXContainerItemProxy */;
			sourceTree = BUILT_PRODUCTS_DIR;
		};
/* End PBXReferenceProxy section */

/* Begin PBXResourcesBuildPhase section */
		1D60588D0D05DD3D006BFB54 /* Resources */ = {
			isa = PBXResourcesBuildPhase;
			buildActionMask = 2147483647;
			files = (
				302D95F214D2391D003F00A1 /* MainViewController.xib in Resources */,
				0207DA581B56EA530066E2B4 /* Images.xcassets in Resources */,
				6AFF5BF91D6E424B00AB3073 /* CDVLaunchScreen.storyboard in Resources */,
				14148FB8E85B48D4ABA562A7 /* CDVCapture.bundle in Resources */,
				5CA0F334E6564631915D2607 /* CDVNotification.bundle in Resources */,
			);
			runOnlyForDeploymentPostprocessing = 0;
		};
/* End PBXResourcesBuildPhase section */

/* Begin PBXShellScriptBuildPhase section */
		304B58A110DAC018002A0835 /* Copy www directory */ = {
			isa = PBXShellScriptBuildPhase;
			buildActionMask = 2147483647;
			files = (
			);
			inputPaths = (
			);
			name = "Copy www directory";
			outputPaths = (
			);
			runOnlyForDeploymentPostprocessing = 0;
			shellPath = /bin/sh;
			shellScript = "NODEJS_PATH=/usr/local/bin; NVM_NODE_PATH=~/.nvm/versions/node/`nvm version 2>/dev/null`/bin; N_NODE_PATH=`find /usr/local/n/versions/node/* -maxdepth 0 -type d 2>/dev/null | tail -1`/bin; XCODE_NODE_PATH=`xcode-select --print-path`/usr/share/xcs/Node/bin; PATH=$NODEJS_PATH:$NVM_NODE_PATH:$N_NODE_PATH:$XCODE_NODE_PATH:$PATH && node cordova/lib/copy-www-build-step.js";
			showEnvVarsInLog = 0;
		};
/* End PBXShellScriptBuildPhase section */

/* Begin PBXSourcesBuildPhase section */
		1D60588E0D05DD3D006BFB54 /* Sources */ = {
			isa = PBXSourcesBuildPhase;
			buildActionMask = 2147483647;
			files = (
				1D60589B0D05DD56006BFB54 /* main.m in Sources */,
				1D3623260D0F684500981E51 /* AppDelegate.m in Sources */,
				302D95F114D2391D003F00A1 /* MainViewController.m in Sources */,
				4F0AE6F008904426887BC394 /* UIImage+CropScaleOrientation.m in Sources */,
				427A84B331A24D70ABCCD560 /* CDVCamera.m in Sources */,
				8CCBCA3961F5417B8C4973B8 /* CDVJpegHeaderWriter.m in Sources */,
				C2601F8D30D346D885FF0075 /* CDVBattery.m in Sources */,
				346C9DCDD595405B8EE89A0F /* CDVFile.m in Sources */,
				A646A85080714E89A4E0F018 /* CDVLocalFilesystem.m in Sources */,
				B0E49321A8DF4F57AA3EE0F2 /* CDVAssetLibraryFilesystem.m in Sources */,
				BED36F0E20A9490389237091 /* CDVCapture.m in Sources */,
				26F4204BB57147FCBD90E017 /* CDVLogger.m in Sources */,
				45E882CCF738499C9293711A /* CDVContacts.m in Sources */,
				D99C21B6A88644018D42D9CA /* CDVContact.m in Sources */,
				7CECC8DFEEE3452F8D23E0F6 /* CDVDevice.m in Sources */,
				977AB2005B88483A81946EB7 /* CDVAccelerometer.m in Sources */,
				7CCDB7EEA8534EEDA4EB795D /* CDVCompass.m in Sources */,
				D31CAE181783445F86BF4618 /* CDVNotification.m in Sources */,
				F79F1E310950421FBC12C3E2 /* CDVFileTransfer.m in Sources */,
				D89C71B902C449F1963FD280 /* CDVLocation.m in Sources */,
				B537B4C2770A4A30813297DE /* CDVGlobalization.m in Sources */,
				90D16B362FC441FABC5967E6 /* CDVInAppBrowser.m in Sources */,
				C626E78C80D24039AAB19B50 /* CDVSound.m in Sources */,
				155AABDEB9EF4DD5BCA0C8A5 /* CDVConnection.m in Sources */,
				3F3A785C86464370B9E06D62 /* CDVReachability.m in Sources */,
				512848F694554D778B7D8733 /* CDVSplashScreen.m in Sources */,
				73AF83A4976440A3A85895A3 /* CDVViewController+SplashScreen.m in Sources */,
				AF0880075F8A4AB28305997C /* CDVStatusBar.m in Sources */,
				091A3D7B84AF42DCBE11AA67 /* CDVVibration.m in Sources */,
			);
			runOnlyForDeploymentPostprocessing = 0;
		};
/* End PBXSourcesBuildPhase section */

/* Begin PBXTargetDependency section */
		301BF551109A68C00062928A /* PBXTargetDependency */ = {
			isa = PBXTargetDependency;
			name = CordovaLib;
			targetProxy = 301BF550109A68C00062928A /* PBXContainerItemProxy */;
		};
/* End PBXTargetDependency section */

/* Begin XCBuildConfiguration section */
		1D6058940D05DD3E006BFB54 /* Debug */ = {
			isa = XCBuildConfiguration;
			baseConfigurationReference = 3047A50F1AB8059700498E2A /* build-debug.xcconfig */;
			buildSettings = {
				ALWAYS_SEARCH_USER_PATHS = NO;
				ASSETCATALOG_COMPILER_APPICON_NAME = AppIcon;
				ASSETCATALOG_COMPILER_LAUNCHIMAGE_NAME = LaunchImage;
				CLANG_ENABLE_MODULES = YES;
				CLANG_ENABLE_OBJC_ARC = YES;
				COPY_PHASE_STRIP = NO;
				GCC_DYNAMIC_NO_PIC = NO;
				GCC_OPTIMIZATION_LEVEL = 0;
				GCC_PRECOMPILE_PREFIX_HEADER = YES;
				GCC_PREFIX_HEADER = "intolerance/intolerance-Prefix.pch";
				GCC_THUMB_SUPPORT = NO;
				GCC_VERSION = "";
				INFOPLIST_FILE = "intolerance/intolerance-Info.plist";
				IPHONEOS_DEPLOYMENT_TARGET = 9.0;
				LD_RUNPATH_SEARCH_PATHS = "@executable_path/Frameworks";
				TARGETED_DEVICE_FAMILY = "1,2";
				PRODUCT_NAME = "intolerance";
			};
			name = Debug;
		};
		1D6058950D05DD3E006BFB54 /* Release */ = {
			isa = XCBuildConfiguration;
			baseConfigurationReference = 3047A5101AB8059700498E2A /* build-release.xcconfig */;
			buildSettings = {
				ALWAYS_SEARCH_USER_PATHS = NO;
				ASSETCATALOG_COMPILER_APPICON_NAME = AppIcon;
				ASSETCATALOG_COMPILER_LAUNCHIMAGE_NAME = LaunchImage;
				CLANG_ENABLE_MODULES = YES;
				CLANG_ENABLE_OBJC_ARC = YES;
				COPY_PHASE_STRIP = YES;
				GCC_PRECOMPILE_PREFIX_HEADER = YES;
				GCC_PREFIX_HEADER = "intolerance/intolerance-Prefix.pch";
				GCC_THUMB_SUPPORT = NO;
				GCC_VERSION = "";
				INFOPLIST_FILE = "intolerance/intolerance-Info.plist";
				IPHONEOS_DEPLOYMENT_TARGET = 9.0;
				LD_RUNPATH_SEARCH_PATHS = "@executable_path/Frameworks";
				TARGETED_DEVICE_FAMILY = "1,2";
				PRODUCT_NAME = "intolerance";
			};
			name = Release;
		};
		C01FCF4F08A954540054247B /* Debug */ = {
			isa = XCBuildConfiguration;
			baseConfigurationReference = 3047A5111AB8059700498E2A /* build.xcconfig */;
			buildSettings = {
				CLANG_ENABLE_MODULES = YES;
				CLANG_ENABLE_OBJC_ARC = YES;
				CLANG_WARN_BOOL_CONVERSION = YES;
				CLANG_WARN_CONSTANT_CONVERSION = YES;
				CLANG_WARN_EMPTY_BODY = YES;
				CLANG_WARN_ENUM_CONVERSION = YES;
				CLANG_WARN_INT_CONVERSION = YES;
				CLANG_WARN__DUPLICATE_METHOD_MATCH = YES;
				GCC_C_LANGUAGE_STANDARD = c99;
				GCC_THUMB_SUPPORT = NO;
				GCC_VERSION = "";
				GCC_WARN_ABOUT_RETURN_TYPE = YES;
				GCC_WARN_UNDECLARED_SELECTOR = YES;
				GCC_WARN_UNINITIALIZED_AUTOS = YES;
				GCC_WARN_UNUSED_FUNCTION = YES;
				GCC_WARN_UNUSED_VARIABLE = YES;
				ONLY_ACTIVE_ARCH = YES;
				SDKROOT = iphoneos;
				SKIP_INSTALL = NO;
			};
			name = Debug;
		};
		C01FCF5008A954540054247B /* Release */ = {
			isa = XCBuildConfiguration;
			baseConfigurationReference = 3047A5111AB8059700498E2A /* build.xcconfig */;
			buildSettings = {
				CLANG_ENABLE_MODULES = YES;
				CLANG_ENABLE_OBJC_ARC = YES;
				CLANG_WARN_BOOL_CONVERSION = YES;
				CLANG_WARN_CONSTANT_CONVERSION = YES;
				CLANG_WARN_EMPTY_BODY = YES;
				CLANG_WARN_ENUM_CONVERSION = YES;
				CLANG_WARN_INT_CONVERSION = YES;
				CLANG_WARN__DUPLICATE_METHOD_MATCH = YES;
				GCC_C_LANGUAGE_STANDARD = c99;
				GCC_THUMB_SUPPORT = NO;
				GCC_VERSION = "";
				GCC_WARN_ABOUT_RETURN_TYPE = YES;
				GCC_WARN_UNDECLARED_SELECTOR = YES;
				GCC_WARN_UNINITIALIZED_AUTOS = YES;
				GCC_WARN_UNUSED_FUNCTION = YES;
				GCC_WARN_UNUSED_VARIABLE = YES;
				SDKROOT = iphoneos;
				SKIP_INSTALL = NO;
			};
			name = Release;
		};
/* End XCBuildConfiguration section */

/* Begin XCConfigurationList section */
		1D6058960D05DD3E006BFB54 /* Build configuration list for PBXNativeTarget "intolerance" */ = {
			isa = XCConfigurationList;
			buildConfigurations = (
				1D6058940D05DD3E006BFB54 /* Debug */,
				1D6058950D05DD3E006BFB54 /* Release */,
			);
			defaultConfigurationIsVisible = 0;
			defaultConfigurationName = Release;
		};
		C01FCF4E08A954540054247B /* Build configuration list for PBXProject "__NON-CLI__" */ = {
			isa = XCConfigurationList;
			buildConfigurations = (
				C01FCF4F08A954540054247B /* Debug */,
				C01FCF5008A954540054247B /* Release */,
			);
			defaultConfigurationIsVisible = 0;
			defaultConfigurationName = Release;
		};
/* End XCConfigurationList section */
	};
	rootObject = 29B97313FDCFA39411CA2CEA /* Project object */;
}
